# This file is autogenerated, do not edit; changes may be undone by the next 'dep ensure'.


[[projects]]
  branch = "master"
  digest = "1:94e9caf404409a2990cfd22aca37d758494c098eff3e2c37fda1abed862e74dd"
  name = "bazil.org/fuse"
  packages = [
    ".",
    "fs",
    "fuseutil",
  ]
  pruneopts = "UT"
  revision = "65cc252bf6691cb3c7014bcb2c8dc29de91e3a7e"

[[projects]]
  digest = "1:72fff13e105db55c6d4b1acb69216b88d9d3009433f43d7df3488f842b0b6929"
  name = "github.com/RoaringBitmap/roaring"
  packages = ["."]
  pruneopts = "UT"
  revision = "3d677d3262197ee558b85029301eb69b8239f91a"
  version = "v0.4.16"

[[projects]]
  branch = "master"
  digest = "1:9567744c593db3a3e059d06bb624370361765f855c59f5d5745dbf56f4085dd2"
  name = "github.com/anacrolix/dht"
  packages = [
    ".",
    "krpc",
  ]
  pruneopts = "UT"
  revision = "0a1661f0d89795b7bb8b12a9f3dfb6df4ebd7818"

[[projects]]
  branch = "master"
  digest = "1:3c2bcb7e0e50f55899f8f0ff9c6c05401fbc3d5c3e9e8467e9ad9a05424442e6"
  name = "github.com/anacrolix/envpprof"
  packages = ["."]
  pruneopts = "UT"
  revision = "323002cec2fa42996812c507f4cab95ad9efacbc"

[[projects]]
  branch = "master"
  digest = "1:f67b70c9dd6e033e5c020d61fd5f2668424b326b8262de0e8be9f9eece363d14"
  name = "github.com/anacrolix/go-libutp"
  packages = ["."]
  pruneopts = "UT"
  revision = "aebbeb60ea05ff6da8454a6afbbb961490ac5b1f"

[[projects]]
  branch = "master"
  digest = "1:437fae8da11c827c94e14151702eb9ad57085b970b7e34b4747bc04c4c95f8a9"
  name = "github.com/anacrolix/log"
  packages = ["."]
  pruneopts = "UT"
  revision = "286fcf906b4887071f3ed20c5df207a575800654"

[[projects]]
  branch = "master"
  digest = "1:380c59a36cf5959ca36b69a163c629b57889f98c3394aa1317458be0345c4acd"
  name = "github.com/anacrolix/missinggo"
  packages = [
    ".",
    "bitmap",
    "expect",
    "httptoo",
    "inproc",
    "iter",
    "mime",
    "orderedmap",
    "perf",
    "pproffd",
    "prioritybitmap",
    "pubsub",
    "resource",
    "slices",
    "x",
  ]
  pruneopts = "UT"
  revision = "60ef2fbf63df5d871ada2680d4d8a6013dcd1745"

[[projects]]
  branch = "master"
  digest = "1:26f2e8da5e7d4b3ebdebac5da81a1f617960a97efe82139b5f251623024d0895"
  name = "github.com/anacrolix/mmsg"
  packages = [
    ".",
    "socket",
  ]
  pruneopts = "UT"
  revision = "5adb2c1127c0320bcebc8b13189db19493090cd4"

[[projects]]
  branch = "master"
  digest = "1:3adb53977686df2c767d57feaba122fa813df4b7d7a8a79c0bfcb47222e57ffc"
  name = "github.com/anacrolix/sync"
  packages = ["."]
  pruneopts = "UT"
  revision = "44578de4e778a60bb7a9c15ab60b3f0b0311a53a"

[[projects]]
  branch = "master"
  digest = "1:8ae6d0319876c62da39d62a54c9fb8c859eaa66924e81b436460521344570d07"
  name = "github.com/anacrolix/tagflag"
  packages = ["."]
  pruneopts = "UT"
  revision = "3a8ff5428f76247838c2d79f1b4fde71b7f6184c"

[[projects]]
  branch = "master"
  digest = "1:60da19b895f6f7de1c36405237695a0d8672bbc814ce29eb8a138e7a605fe510"
  name = "github.com/anacrolix/torrent"
  packages = [
    ".",
    "bencode",
    "fs",
    "iplist",
    "logonce",
    "metainfo",
    "mmap_span",
    "mse",
    "peer_protocol",
    "storage",
    "tracker",
    "util/dirwatch",
  ]
  pruneopts = "UT"
  revision = "02f37a34eec3d45541f9843361c063a662ba6c92"

[[projects]]
  branch = "master"
  digest = "1:c8c563c60665dd4b185e3c042d12e915b3dd6129d5477ae313914dce59c7319d"
  name = "github.com/anacrolix/utp"
  packages = ["."]
  pruneopts = "UT"
  revision = "9e0e1d1d0572f5a09a669d4ea0372d8e8078dcc9"

[[projects]]
  digest = "1:0f98f59e9a2f4070d66f0c9c39561f68fcd1dc837b22a852d28d0003aebd1b1e"
  name = "github.com/boltdb/bolt"
  packages = ["."]
  pruneopts = "UT"
  revision = "2f1ce7a837dcb8da3ec595b1dac9d0632f0f99e8"
  version = "v1.3.1"

[[projects]]
  branch = "master"
  digest = "1:7bfd6f49553eb9409ecde1d0311fdcc4944a887d9fff23415f74b7bd462d95a4"
  name = "github.com/bradfitz/iter"
  packages = ["."]
  pruneopts = "UT"
  revision = "454541ec3da2a73fc34fd049b19ee5777bf19345"

[[projects]]
  digest = "1:ffe9824d294da03b391f44e1ae8281281b4afc1bdaa9588c9097785e3af10cec"
  name = "github.com/davecgh/go-spew"
  packages = ["spew"]
  pruneopts = "UT"
  revision = "8991bc29aa16c548c550c7ff78260e27b9ab7c73"
  version = "v1.1.1"

[[projects]]
  digest = "1:6f9339c912bbdda81302633ad7e99a28dfa5a639c864061f1929510a9a64aa74"
  name = "github.com/dustin/go-humanize"
  packages = ["."]
  pruneopts = "UT"
  revision = "9f541cc9db5d55bce703bd99987c9d5cb8eea45e"
  version = "v1.0.0"

[[projects]]
  branch = "master"
  digest = "1:67d0b50be0549e610017cb91e0b0b745ec0cad7c613bc8e18ff2d1c1fc8825a7"
  name = "github.com/edsrzf/mmap-go"
  packages = ["."]
  pruneopts = "UT"
  revision = "0bce6a6887123b67a60366d2c9fe2dfb74289d2e"

[[projects]]
  branch = "master"
  digest = "1:87d8f1070e73e3dacde758c0377c1f4cd8ded02feab0208d1b83d40f90aa615a"
  name = "github.com/elgatito/upnp"
  packages = ["."]
  pruneopts = "UT"
  revision = "2f244d205f9a45e5e5c7ecd79c8d67c656e682a0"

[[projects]]
  digest = "1:abeb38ade3f32a92943e5be54f55ed6d6e3b6602761d74b4aab4c9dd45c18abd"
  name = "github.com/fsnotify/fsnotify"
  packages = ["."]
  pruneopts = "UT"
  revision = "c2828203cd70a50dcccfb2761f8b1f8ceef9a8e9"
  version = "v1.4.7"

[[projects]]
  branch = "master"
  digest = "1:981722e5ee549ef844285c2b370c19e58b7dc30bc19ba3537f3df284b551b54a"
  name = "github.com/glycerine/go-unsnap-stream"
  packages = ["."]
  pruneopts = "UT"
  revision = "9f0cb55181dd3a0a4c168d3dbc72d4aca4853126"

[[projects]]
  branch = "master"
  digest = "1:4a0c6bb4805508a6287675fac876be2ac1182539ca8a32468d8128882e9d5009"
  name = "github.com/golang/snappy"
  packages = ["."]
  pruneopts = "UT"
  revision = "2e65f85255dbc3072edf28d6b5b8efc472979f5a"

[[projects]]
  branch = "master"
  digest = "1:0bfbe13936953a98ae3cfe8ed6670d396ad81edf069a806d2f6515d7bb6950df"
  name = "github.com/google/btree"
  packages = ["."]
  pruneopts = "UT"
  revision = "4030bb1f1f0c35b30ca7009e9ebd06849dd45306"

[[projects]]
  digest = "1:f9a5e090336881be43cfc1cf468330c1bdd60abdc9dd194e0b1ab69f4b94dd7c"
  name = "github.com/huandu/xstrings"
  packages = ["."]
  pruneopts = "UT"
  revision = "f02667b379e2fb5916c3cda2cf31e0eb885d79f8"
  version = "v1.2.0"

[[projects]]
  digest = "1:3cafc6a5a1b8269605d9df4c6956d43d8011fc57f266ca6b9d04da6c09dee548"
  name = "github.com/mattn/go-sqlite3"
  packages = ["."]
  pruneopts = "UT"
  revision = "25ecb14adfc7543176f7d85291ec7dba82c6f7e4"
  version = "v1.9.0"

[[projects]]
  branch = "master"
  digest = "1:c22fdadfe2de0e1df75987cac34f1c721157dc24f180c76b4ef66a3c9637a799"
  name = "github.com/mschoch/smat"
  packages = ["."]
  pruneopts = "UT"
  revision = "90eadee771aeab36e8bf796039b8c261bebebe4f"

[[projects]]
  digest = "1:5b3b29ce0e569f62935d9541dff2e16cc09df981ebde48e82259076a73a3d0c7"
  name = "github.com/op/go-logging"
  packages = ["."]
  pruneopts = "UT"
  revision = "b2cb9fa56473e98db8caba80237377e83fe44db5"
  version = "v1"

[[projects]]
  branch = "master"
  digest = "1:3bf17a6e6eaa6ad24152148a631d18662f7212e21637c2699bff3369b7f00fa2"
  name = "github.com/petar/GoLLRB"
  packages = ["llrb"]
  pruneopts = "UT"
  revision = "53be0d36a84c2a886ca057d34b6aa4468df9ccb4"

[[projects]]
  digest = "1:5e73b34a27d827212102605789de00bd411b2e434812133c83935fe9897c75e1"
  name = "github.com/philhofer/fwd"
  packages = ["."]
  pruneopts = "UT"
  revision = "bb6d471dc95d4fe11e432687f8b70ff496cf3136"
  version = "v1.0.0"

[[projects]]
  digest = "1:40e195917a951a8bf867cd05de2a46aaf1806c50cf92eebf4c16f78cd196f747"
  name = "github.com/pkg/errors"
  packages = ["."]
  pruneopts = "UT"
  revision = "645ef00459ed84a119197bfb8d8205042c6df63d"
  version = "v0.8.0"

[[projects]]
  branch = "master"
  digest = "1:8bc4ea931d51467ab9dd8c1fb6213625e7ac1de24a4883e992a1b0b713a8d1eb"
  name = "github.com/ryszard/goskiplist"
  packages = ["skiplist"]
  pruneopts = "UT"
  revision = "2dfbae5fcf46374f166f8969cb07e167f1be6273"

[[projects]]
  digest = "1:919bb3aa6d9d0b67648c219fa4925312bc3c2872da19e818fa769e9c97a2b643"
  name = "github.com/spaolacci/murmur3"
  packages = ["."]
  pruneopts = "UT"
  revision = "9f5d223c60793748f04a9d5b4b4eacddfc1f755d"
  version = "v1.1"

[[projects]]
  digest = "1:eaa6698f44de8f2977e93c9b946e60a8af75f565058658aad2df8032b55c84e5"
  name = "github.com/tinylib/msgp"
  packages = ["msgp"]
  pruneopts = "UT"
  revision = "b2b6a672cf1e5b90748f79b8b81fc8c5cf0571a1"
  version = "1.0.2"

[[projects]]
  digest = "1:211f9cf21d532e2da93a420426d714af492743f4c602389cb0cd14ec8eebe256"
  name = "github.com/willf/bitset"
  packages = ["."]
  pruneopts = "UT"
  revision = "e553b05586428962bf7058d1044519d87ca72d74"
  version = "v1.1.9"

[[projects]]
  digest = "1:306c3d1c8a92c718566e815d0c98d58071465036ec7e9b543cc4d6ae10c1c983"
  name = "github.com/willf/bloom"
  packages = ["."]
  pruneopts = "UT"
  revision = "54e3b963ee1652b06c4562cb9b6020ebc6e36e59"
  version = "v2.0.3"

[[projects]]
  branch = "master"
  digest = "1:7be36f3dbb6f35e6605ae69026335061089b4e9f078ecd481d546fe4564eeb17"
  name = "golang.org/x/net"
  packages = [
    "context",
    "internal/socks",
    "proxy",
  ]
  pruneopts = "UT"
  revision = "9b4f9f5ad5197c79fd623a3638e70d8b26cef344"

[[projects]]
  branch = "master"
  digest = "1:008fb9f84ae9bf7994228b9c78810d44162071ec13caf28291677897dca819ee"
  name = "golang.org/x/sys"
  packages = ["unix"]
  pruneopts = "UT"
  revision = "d989b31c87461dc8ab2f1cac6792814e27fadea9"

[[projects]]
  branch = "master"
  digest = "1:c9e7a4b4d47c0ed205d257648b0e5b0440880cb728506e318f8ac7cd36270bc4"
  name = "golang.org/x/time"
  packages = ["rate"]
  pruneopts = "UT"
  revision = "fbb02b2291d28baffd63558aa44b4b56f178d650"

[solve-meta]
  analyzer-name = "dep"
  analyzer-version = 1
  input-imports = [
    "bazil.org/fuse",
    "bazil.org/fuse/fs",
    "github.com/anacrolix/envpprof",
    "github.com/anacrolix/tagflag",
    "github.com/anacrolix/torrent",
    "github.com/anacrolix/torrent/fs",
    "github.com/anacrolix/torrent/util/dirwatch",
  ]
  solver-name = "gps-cdcl"
  solver-version = 1
